
Microsoft Visual Studio Solution File, Format Version 12.00
# Visual Studio Version 17
VisualStudioVersion = 17.0.31903.59
MinimumVisualStudioVersion = 10.0.40219.1
Project("{FAE04EC0-301F-11D3-BF4B-00C04F79EFBC}") = "API", "API\API.csproj", "{3B694005-60E9-4D40-80F2-B2073AB50538}"
EndProject
Project("{FAE04EC0-301F-11D3-BF4B-00C04F79EFBC}") = "Application", "Application\Application.csproj", "{F29878D2-7616-4127-9064-7E4CF2E5E2A9}"
EndProject
Project("{FAE04EC0-301F-11D3-BF4B-00C04F79EFBC}") = "Domain", "Domain\Domain.csproj", "{3F78D1A8-7F90-459B-BBC1-D4D2FF0A2D1D}"
EndProject
Project("{FAE04EC0-301F-11D3-BF4B-00C04F79EFBC}") = "Persistence", "Persistence\Persistence.csproj", "{777B4340-94D3-4FE8-A457-8C6DC697B99F}"
EndProject
Global
	GlobalSection(SolutionConfigurationPlatforms) = preSolution
		Debug|Any CPU = Debug|Any CPU
		Release|Any CPU = Release|Any CPU
	EndGlobalSection
	GlobalSection(SolutionProperties) = preSolution
		HideSolutionNode = FALSE
	EndGlobalSection
	GlobalSection(ProjectConfigurationPlatforms) = postSolution
		{3B694005-60E9-4D40-80F2-B2073AB50538}.Debug|Any CPU.ActiveCfg = Debug|Any CPU
		{3B694005-60E9-4D40-80F2-B2073AB50538}.Debug|Any CPU.Build.0 = Debug|Any CPU
		{3B694005-60E9-4D40-80F2-B2073AB50538}.Release|Any CPU.ActiveCfg = Release|Any CPU
		{3B694005-60E9-4D40-80F2-B2073AB50538}.Release|Any CPU.Build.0 = Release|Any CPU
		{F29878D2-7616-4127-9064-7E4CF2E5E2A9}.Debug|Any CPU.ActiveCfg = Debug|Any CPU
		{F29878D2-7616-4127-9064-7E4CF2E5E2A9}.Debug|Any CPU.Build.0 = Debug|Any CPU
		{F29878D2-7616-4127-9064-7E4CF2E5E2A9}.Release|Any CPU.ActiveCfg = Release|Any CPU
		{F29878D2-7616-4127-9064-7E4CF2E5E2A9}.Release|Any CPU.Build.0 = Release|Any CPU
		{3F78D1A8-7F90-459B-BBC1-D4D2FF0A2D1D}.Debug|Any CPU.ActiveCfg = Debug|Any CPU
		{3F78D1A8-7F90-459B-BBC1-D4D2FF0A2D1D}.Debug|Any CPU.Build.0 = Debug|Any CPU
		{3F78D1A8-7F90-459B-BBC1-D4D2FF0A2D1D}.Release|Any CPU.ActiveCfg = Release|Any CPU
		{3F78D1A8-7F90-459B-BBC1-D4D2FF0A2D1D}.Release|Any CPU.Build.0 = Release|Any CPU
		{777B4340-94D3-4FE8-A457-8C6DC697B99F}.Debug|Any CPU.ActiveCfg = Debug|Any CPU
		{777B4340-94D3-4FE8-A457-8C6DC697B99F}.Debug|Any CPU.Build.0 = Debug|Any CPU
		{777B4340-94D3-4FE8-A457-8C6DC697B99F}.Release|Any CPU.ActiveCfg = Release|Any CPU
		{777B4340-94D3-4FE8-A457-8C6DC697B99F}.Release|Any CPU.Build.0 = Release|Any CPU
	EndGlobalSection
EndGlobal
